
Microsoft Visual Studio Solution File, Format Version 12.00
# Visual Studio Version 16
VisualStudioVersion = 16.0.31729.503
MinimumVisualStudioVersion = 10.0.40219.1
Project("{FAE04EC0-301F-11D3-BF4B-00C04F79EFBC}") = "eShopSolution_WebApp", "eShopSolution_WebApp\eShopSolution_WebApp.csproj", "{CF65441C-ACE1-4040-B5AA-2F67DB141595}"
EndProject
Project("{FAE04EC0-301F-11D3-BF4B-00C04F79EFBC}") = "eShopSolution_DAL", "eShopSolution_DAL\eShopSolution_DAL.csproj", "{C0CC4DB5-12A2-441A-BADA-44F3A27307A5}"
EndProject
Project("{FAE04EC0-301F-11D3-BF4B-00C04F79EFBC}") = "eShopSolution_BUS", "eShopSolution_BUS\eShopSolution_BUS.csproj", "{6D9C8FD4-796D-4BB1-935B-DB3CF0C405EB}"
EndProject
Global
	GlobalSection(SolutionConfigurationPlatforms) = preSolution
		Debug|Any CPU = Debug|Any CPU
		Release|Any CPU = Release|Any CPU
	EndGlobalSection
	GlobalSection(ProjectConfigurationPlatforms) = postSolution
		{CF65441C-ACE1-4040-B5AA-2F67DB141595}.Debug|Any CPU.ActiveCfg = Debug|Any CPU
		{CF65441C-ACE1-4040-B5AA-2F67DB141595}.Debug|Any CPU.Build.0 = Debug|Any CPU
		{CF65441C-ACE1-4040-B5AA-2F67DB141595}.Release|Any CPU.ActiveCfg = Release|Any CPU
		{CF65441C-ACE1-4040-B5AA-2F67DB141595}.Release|Any CPU.Build.0 = Release|Any CPU
		{C0CC4DB5-12A2-441A-BADA-44F3A27307A5}.Debug|Any CPU.ActiveCfg = Debug|Any CPU
		{C0CC4DB5-12A2-441A-BADA-44F3A27307A5}.Debug|Any CPU.Build.0 = Debug|Any CPU
		{C0CC4DB5-12A2-441A-BADA-44F3A27307A5}.Release|Any CPU.ActiveCfg = Release|Any CPU
		{C0CC4DB5-12A2-441A-BADA-44F3A27307A5}.Release|Any CPU.Build.0 = Release|Any CPU
		{6D9C8FD4-796D-4BB1-935B-DB3CF0C405EB}.Debug|Any CPU.ActiveCfg = Debug|Any CPU
		{6D9C8FD4-796D-4BB1-935B-DB3CF0C405EB}.Debug|Any CPU.Build.0 = Debug|Any CPU
		{6D9C8FD4-796D-4BB1-935B-DB3CF0C405EB}.Release|Any CPU.ActiveCfg = Release|Any CPU
		{6D9C8FD4-796D-4BB1-935B-DB3CF0C405EB}.Release|Any CPU.Build.0 = Release|Any CPU
	EndGlobalSection
	GlobalSection(SolutionProperties) = preSolution
		HideSolutionNode = FALSE
	EndGlobalSection
	GlobalSection(ExtensibilityGlobals) = postSolution
		SolutionGuid = {35C7E15C-F04D-48D6-AFC8-249DBBCA4168}
	EndGlobalSection
EndGlobal
